
Microsoft Visual Studio Solution File, Format Version 12.00
# Visual Studio Version 17
VisualStudioVersion = 17.11.35219.272
MinimumVisualStudioVersion = 10.0.40219.1
Project("{FAE04EC0-301F-11D3-BF4B-00C04F79EFBC}") = "tddXunitCourse.DomainTest", "test\tddXunitCourse.DomainTest\tddXunitCourse.DomainTest.csproj", "{07F4E955-705D-4DD7-BFF8-EBD8CA156598}"
EndProject
Project("{FAE04EC0-301F-11D3-BF4B-00C04F79EFBC}") = "tddXunitCourse.Domain", "tddXunitCourse.Domain\tddXunitCourse.Domain.csproj", "{DC7BE577-91FB-4F4C-A94A-3AD3AA4785B7}"
EndProject
Global
	GlobalSection(SolutionConfigurationPlatforms) = preSolution
		Debug|Any CPU = Debug|Any CPU
		Release|Any CPU = Release|Any CPU
	EndGlobalSection
	GlobalSection(ProjectConfigurationPlatforms) = postSolution
		{07F4E955-705D-4DD7-BFF8-EBD8CA156598}.Debug|Any CPU.ActiveCfg = Debug|Any CPU
		{07F4E955-705D-4DD7-BFF8-EBD8CA156598}.Debug|Any CPU.Build.0 = Debug|Any CPU
		{07F4E955-705D-4DD7-BFF8-EBD8CA156598}.Release|Any CPU.ActiveCfg = Release|Any CPU
		{07F4E955-705D-4DD7-BFF8-EBD8CA156598}.Release|Any CPU.Build.0 = Release|Any CPU
		{DC7BE577-91FB-4F4C-A94A-3AD3AA4785B7}.Debug|Any CPU.ActiveCfg = Debug|Any CPU
		{DC7BE577-91FB-4F4C-A94A-3AD3AA4785B7}.Debug|Any CPU.Build.0 = Debug|Any CPU
		{DC7BE577-91FB-4F4C-A94A-3AD3AA4785B7}.Release|Any CPU.ActiveCfg = Release|Any CPU
		{DC7BE577-91FB-4F4C-A94A-3AD3AA4785B7}.Release|Any CPU.Build.0 = Release|Any CPU
	EndGlobalSection
	GlobalSection(SolutionProperties) = preSolution
		HideSolutionNode = FALSE
	EndGlobalSection
	GlobalSection(ExtensibilityGlobals) = postSolution
		SolutionGuid = {72AEE844-2399-46E5-A9E1-BC5AD4D361CD}
	EndGlobalSection
EndGlobal
